
Microsoft Visual Studio Solution File, Format Version 12.00
# Visual Studio 15
VisualStudioVersion = 15.0.28010.2026
MinimumVisualStudioVersion = 10.0.40219.1
Project("{FAE04EC0-301F-11D3-BF4B-00C04F79EFBC}") = "COMP123-S2019-Lab10-301050634", "COMP123-S2019-Lab10-301050634\COMP123-S2019-Lab10-301050634.csproj", "{91107E62-65B7-41F2-9448-1DB6EB527DB9}"
EndProject
Global
	GlobalSection(SolutionConfigurationPlatforms) = preSolution
		Debug|Any CPU = Debug|Any CPU
		Release|Any CPU = Release|Any CPU
	EndGlobalSection
	GlobalSection(ProjectConfigurationPlatforms) = postSolution
		{91107E62-65B7-41F2-9448-1DB6EB527DB9}.Debug|Any CPU.ActiveCfg = Debug|Any CPU
		{91107E62-65B7-41F2-9448-1DB6EB527DB9}.Debug|Any CPU.Build.0 = Debug|Any CPU
		{91107E62-65B7-41F2-9448-1DB6EB527DB9}.Release|Any CPU.ActiveCfg = Release|Any CPU
		{91107E62-65B7-41F2-9448-1DB6EB527DB9}.Release|Any CPU.Build.0 = Release|Any CPU
	EndGlobalSection
	GlobalSection(SolutionProperties) = preSolution
		HideSolutionNode = FALSE
	EndGlobalSection
	GlobalSection(ExtensibilityGlobals) = postSolution
		SolutionGuid = {2C07F05B-E900-4D81-9B8E-434A35B4CDDC}
	EndGlobalSection
EndGlobal
